
Microsoft Visual Studio Solution File, Format Version 12.00
# Visual Studio 14
VisualStudioVersion = 14.0.25420.1
MinimumVisualStudioVersion = 10.0.40219.1
Project("{8BC9CEB8-8B4A-11D0-8D11-00A0C91BC942}") = "DataStruct_Day1", "DataStruct_Day1\DataStruct_Day1.vcxproj", "{9E2CF719-4915-4B23-875B-25865A615BDF}"
EndProject
Project("{8BC9CEB8-8B4A-11D0-8D11-00A0C91BC942}") = "TestVector", "TestVector\TestVector.vcxproj", "{73178C5F-D177-4893-A61A-1032CCE88C78}"
EndProject
Project("{8BC9CEB8-8B4A-11D0-8D11-00A0C91BC942}") = "MyVector", "MyVector\MyVector.vcxproj", "{A2E08500-9D75-425A-8D69-371872769DA4}"
EndProject
Global
	GlobalSection(SolutionConfigurationPlatforms) = preSolution
		Debug|x64 = Debug|x64
		Debug|x86 = Debug|x86
		Release|x64 = Release|x64
		Release|x86 = Release|x86
	EndGlobalSection
	GlobalSection(ProjectConfigurationPlatforms) = postSolution
		{9E2CF719-4915-4B23-875B-25865A615BDF}.Debug|x64.ActiveCfg = Debug|x64
		{9E2CF719-4915-4B23-875B-25865A615BDF}.Debug|x64.Build.0 = Debug|x64
		{9E2CF719-4915-4B23-875B-25865A615BDF}.Debug|x86.ActiveCfg = Debug|Win32
		{9E2CF719-4915-4B23-875B-25865A615BDF}.Debug|x86.Build.0 = Debug|Win32
		{9E2CF719-4915-4B23-875B-25865A615BDF}.Release|x64.ActiveCfg = Release|x64
		{9E2CF719-4915-4B23-875B-25865A615BDF}.Release|x64.Build.0 = Release|x64
		{9E2CF719-4915-4B23-875B-25865A615BDF}.Release|x86.ActiveCfg = Release|Win32
		{9E2CF719-4915-4B23-875B-25865A615BDF}.Release|x86.Build.0 = Release|Win32
		{73178C5F-D177-4893-A61A-1032CCE88C78}.Debug|x64.ActiveCfg = Debug|x64
		{73178C5F-D177-4893-A61A-1032CCE88C78}.Debug|x64.Build.0 = Debug|x64
		{73178C5F-D177-4893-A61A-1032CCE88C78}.Debug|x86.ActiveCfg = Debug|Win32
		{73178C5F-D177-4893-A61A-1032CCE88C78}.Debug|x86.Build.0 = Debug|Win32
		{73178C5F-D177-4893-A61A-1032CCE88C78}.Release|x64.ActiveCfg = Release|x64
		{73178C5F-D177-4893-A61A-1032CCE88C78}.Release|x64.Build.0 = Release|x64
		{73178C5F-D177-4893-A61A-1032CCE88C78}.Release|x86.ActiveCfg = Release|Win32
		{73178C5F-D177-4893-A61A-1032CCE88C78}.Release|x86.Build.0 = Release|Win32
		{A2E08500-9D75-425A-8D69-371872769DA4}.Debug|x64.ActiveCfg = Debug|x64
		{A2E08500-9D75-425A-8D69-371872769DA4}.Debug|x64.Build.0 = Debug|x64
		{A2E08500-9D75-425A-8D69-371872769DA4}.Debug|x86.ActiveCfg = Debug|Win32
		{A2E08500-9D75-425A-8D69-371872769DA4}.Debug|x86.Build.0 = Debug|Win32
		{A2E08500-9D75-425A-8D69-371872769DA4}.Release|x64.ActiveCfg = Release|x64
		{A2E08500-9D75-425A-8D69-371872769DA4}.Release|x64.Build.0 = Release|x64
		{A2E08500-9D75-425A-8D69-371872769DA4}.Release|x86.ActiveCfg = Release|Win32
		{A2E08500-9D75-425A-8D69-371872769DA4}.Release|x86.Build.0 = Release|Win32
	EndGlobalSection
	GlobalSection(SolutionProperties) = preSolution
		HideSolutionNode = FALSE
	EndGlobalSection
EndGlobal
